
Microsoft Visual Studio Solution File, Format Version 12.00
# Visual Studio Version 17
VisualStudioVersion = 17.11.35431.28
MinimumVisualStudioVersion = 10.0.40219.1
Project("{FAE04EC0-301F-11D3-BF4B-00C04F79EFBC}") = "MD", "MD\MD.csproj", "{DD251329-40D3-4965-9C82-A364751EBAC2}"
EndProject
Project("{FAE04EC0-301F-11D3-BF4B-00C04F79EFBC}") = "Logica_Negocio", "Logica_Negocio\Logica_Negocio.csproj", "{94AB87C5-96B8-49D7-9E99-1B740D966BF4}"
EndProject
Global
	GlobalSection(SolutionConfigurationPlatforms) = preSolution
		Debug|Any CPU = Debug|Any CPU
		Release|Any CPU = Release|Any CPU
	EndGlobalSection
	GlobalSection(ProjectConfigurationPlatforms) = postSolution
		{DD251329-40D3-4965-9C82-A364751EBAC2}.Debug|Any CPU.ActiveCfg = Debug|Any CPU
		{DD251329-40D3-4965-9C82-A364751EBAC2}.Debug|Any CPU.Build.0 = Debug|Any CPU
		{DD251329-40D3-4965-9C82-A364751EBAC2}.Release|Any CPU.ActiveCfg = Release|Any CPU
		{DD251329-40D3-4965-9C82-A364751EBAC2}.Release|Any CPU.Build.0 = Release|Any CPU
		{94AB87C5-96B8-49D7-9E99-1B740D966BF4}.Debug|Any CPU.ActiveCfg = Debug|Any CPU
		{94AB87C5-96B8-49D7-9E99-1B740D966BF4}.Debug|Any CPU.Build.0 = Debug|Any CPU
		{94AB87C5-96B8-49D7-9E99-1B740D966BF4}.Release|Any CPU.ActiveCfg = Release|Any CPU
		{94AB87C5-96B8-49D7-9E99-1B740D966BF4}.Release|Any CPU.Build.0 = Release|Any CPU
	EndGlobalSection
	GlobalSection(SolutionProperties) = preSolution
		HideSolutionNode = FALSE
	EndGlobalSection
	GlobalSection(ExtensibilityGlobals) = postSolution
		SolutionGuid = {1D83A7FB-FAA1-4151-B44E-F823E1191EB3}
	EndGlobalSection
EndGlobal
